
Microsoft Visual Studio Solution File, Format Version 12.00
# Visual Studio Version 17
VisualStudioVersion = 17.5.33516.290
MinimumVisualStudioVersion = 10.0.40219.1
Project("{FAE04EC0-301F-11D3-BF4B-00C04F79EFBC}") = "Znode.Engine.Admin", "Znode.Engine.Admin\Znode.Engine.Admin.csproj", "{9E3D2AA8-8239-4814-BCA6-6AB2B6BD7AF5}"
EndProject
Project("{FAE04EC0-301F-11D3-BF4B-00C04F79EFBC}") = "Znode.Engine.Api.Client", "Engines\Znode.Engine.Api.Client\Znode.Engine.Api.Client.csproj", "{4FF2A227-F7EB-41EE-ADA9-F46A297E7BE8}"
EndProject
Project("{FAE04EC0-301F-11D3-BF4B-00C04F79EFBC}") = "Znode.Engine.Api.Models", "Engines\Znode.Engine.Api.Models\Znode.Engine.Api.Models.csproj", "{05A4B1D5-82D1-4E47-AFD9-4B01AC5917BD}"
EndProject
Project("{FAE04EC0-301F-11D3-BF4B-00C04F79EFBC}") = "Znode.Engine.Exceptions", "Engines\Znode.Engine.Exceptions\Znode.Engine.Exceptions.csproj", "{5DD35FD8-FEEB-46B2-87C5-97F05E80AA6B}"
EndProject
Project("{FAE04EC0-301F-11D3-BF4B-00C04F79EFBC}") = "Znode.Engine.Promotions", "Engines\Znode.Engine.Promotions\Znode.Engine.Promotions.csproj", "{0B46A894-D427-4372-A4C3-C47CC2C7E036}"
EndProject
Project("{FAE04EC0-301F-11D3-BF4B-00C04F79EFBC}") = "Znode.Engine.Shipping", "Engines\Znode.Engine.Shipping\Znode.Engine.Shipping.csproj", "{83A5062C-7698-4C4D-AE2F-DF238B3DA6AD}"
EndProject
Project("{FAE04EC0-301F-11D3-BF4B-00C04F79EFBC}") = "Znode.Libraries.Admin", "Libraries\ZNode.Libraries.Admin\Znode.Libraries.Admin.csproj", "{D24B86B3-2CA1-431D-AFB5-E59C313283EB}"
EndProject
Project("{FAE04EC0-301F-11D3-BF4B-00C04F79EFBC}") = "Znode.Libraries.ECommerce.Entities", "Libraries\ZNode.Libraries.ECommerce.Entities\Znode.Libraries.ECommerce.Entities.csproj", "{C0E80BD4-5D88-4B0B-9F2F-23D51C2F973A}"
EndProject
Project("{FAE04EC0-301F-11D3-BF4B-00C04F79EFBC}") = "Znode.Libraries.ECommerce.Fulfillment", "Libraries\ZNode.Libraries.ECommerce.Fulfillment\Znode.Libraries.ECommerce.Fulfillment.csproj", "{FD431F30-0AAA-41D6-AE55-BEF6F2FEA620}"
EndProject
Project("{FAE04EC0-301F-11D3-BF4B-00C04F79EFBC}") = "Znode.Libraries.ECommerce.ShoppingCart", "Libraries\ZNode.Libraries.ECommerce.ShoppingCart\Znode.Libraries.ECommerce.ShoppingCart.csproj", "{A001D843-7AC0-456E-BBCA-23737091F804}"
EndProject
Project("{FAE04EC0-301F-11D3-BF4B-00C04F79EFBC}") = "Znode.Libraries.ECommerce.Utilities", "Libraries\ZNode.Libraries.ECommerce.Utilities\Znode.Libraries.ECommerce.Utilities.csproj", "{F3703CCE-EEC4-46B0-A54F-83857D4014DF}"
EndProject
Project("{FAE04EC0-301F-11D3-BF4B-00C04F79EFBC}") = "Znode.Libraries.Search", "Libraries\ZNode.Libraries.Search\Znode.Libraries.Search.csproj", "{A49FCB1C-BCBF-4BFB-A6AD-4706D8E18BAC}"
EndProject
Project("{FAE04EC0-301F-11D3-BF4B-00C04F79EFBC}") = "Znode.Engine.Taxes", "Engines\Znode.Engine.Taxes\Znode.Engine.Taxes.csproj", "{90A36C0E-C961-4F6B-BB22-D6D11332C9F1}"
EndProject
Project("{FAE04EC0-301F-11D3-BF4B-00C04F79EFBC}") = "Znode.Libraries.Data", "Libraries\ZNode.Libraries.Data\Znode.Libraries.Data.csproj", "{786F7274-2F78-4282-B91C-978CB79FB2F3}"
EndProject
Project("{2150E333-8FDC-42A3-9474-1A3956D46DE8}") = "Engines", "Engines", "{8BFABAF4-1C87-41BA-9762-A6D78DF3B673}"
EndProject
Project("{2150E333-8FDC-42A3-9474-1A3956D46DE8}") = "Libraries", "Libraries", "{53A54E09-AC8A-425D-AC15-1486914147E5}"
EndProject
Project("{FAE04EC0-301F-11D3-BF4B-00C04F79EFBC}") = "Znode.Engine.Services", "Engines\Znode.Engine.Services\Znode.Engine.Services.csproj", "{BEB41B66-5B4F-4072-968A-D8D52BCADFDF}"
EndProject
Project("{FAE04EC0-301F-11D3-BF4B-00C04F79EFBC}") = "Znode.Libraries.Resources", "Libraries\ZNode.Libraries.Resources\Znode.Libraries.Resources.csproj", "{0461BA0D-6141-47D7-A78E-C166FF5A75F0}"
EndProject
Project("{FAE04EC0-301F-11D3-BF4B-00C04F79EFBC}") = "Znode.Libraries.MediaStorage", "Libraries\Znode.Libraries.MediaStorage\Znode.Libraries.MediaStorage.csproj", "{7395F84C-8C0E-4B9A-B1FD-72F27AAA1422}"
EndProject
Project("{FAE04EC0-301F-11D3-BF4B-00C04F79EFBC}") = "Znode.Libraries.MongoDB.Data", "Libraries\ZNode.Libraries.MongoDB.Data\Znode.Libraries.MongoDB.Data.csproj", "{5B6482F4-7B81-4D7C-A099-78237C8A55B3}"
EndProject
Project("{FAE04EC0-301F-11D3-BF4B-00C04F79EFBC}") = "Znode.Engine.WebStore", "Znode.Engine.WebStore\Znode.Engine.WebStore.csproj", "{96BE394D-9D18-42D4-941C-DD9A786A4EA5}"
EndProject
Project("{FAE04EC0-301F-11D3-BF4B-00C04F79EFBC}") = "Znode.Engine.ERPConnector", "Engines\Znode.Engine.ERPConnector\Znode.Engine.ERPConnector.csproj", "{48991FBC-D7C4-44BE-9C88-669614ECE325}"
EndProject
Project("{F14B399A-7131-4C87-9E4B-1186C45EF12D}") = "Znode.Libraries.Report", "Libraries\Znode.Libraries.Report\Znode.Libraries.Report.rptproj", "{147B8507-7467-4F34-BD68-D2324416C264}"
EndProject
Project("{FAE04EC0-301F-11D3-BF4B-00C04F79EFBC}") = "Znode.Admin.Core", "Libraries\Znode.Admin.Core\Znode.Admin.Core.csproj", "{7CD4C022-8014-4CD8-AF01-C9B840940B49}"
EndProject
Project("{FAE04EC0-301F-11D3-BF4B-00C04F79EFBC}") = "Znode.Api.Core", "Libraries\Znode.Api.Core\Znode.Api.Core.csproj", "{C79892F3-08CD-40A8-8EB1-9B9B81601DCA}"
EndProject
Project("{FAE04EC0-301F-11D3-BF4B-00C04F79EFBC}") = "Znode.WebStore.Core", "Libraries\Znode.WebStore.Core\Znode.WebStore.Core.csproj", "{8A234527-08CD-41CF-99DF-5BE4285C6D9A}"
EndProject
Project("{FAE04EC0-301F-11D3-BF4B-00C04F79EFBC}") = "Znode.Libraries.Observer", "Libraries\Znode.Libraries.Observer\Znode.Libraries.Observer.csproj", "{FF50503A-684E-41D6-B2BF-61C522F12405}"
EndProject
Project("{FAE04EC0-301F-11D3-BF4B-00C04F79EFBC}") = "Znode.Engine.Connector", "Engines\Znode.Engine.Connector\Znode.Engine.Connector.csproj", "{F7BC5FF1-65AC-4B71-BECE-04058E5ACB70}"
EndProject
Project("{2150E333-8FDC-42A3-9474-1A3956D46DE8}") = "Solution Items", "Solution Items", "{FAC0F70D-3C2C-47F6-9698-41C562B45DB8}"
	ProjectSection(SolutionItems) = preProject
		WebEssentials2015-Settings.json = WebEssentials2015-Settings.json
	EndProjectSection
EndProject
Project("{FAE04EC0-301F-11D3-BF4B-00C04F79EFBC}") = "Znode.Engine.QuickBooksConnector", "Znode.Engine.QuickBookConnector\Znode.Engine.QuickBooksConnector.csproj", "{41E65A88-6F92-464D-80F3-D2EFB30D5A69}"
EndProject
Project("{FAE04EC0-301F-11D3-BF4B-00C04F79EFBC}") = "Znode.Infrastructure.PluginInterfaces", "Libraries\Znode.Infrastructure.PluginInterfaces\Znode.Infrastructure.PluginInterfaces.csproj", "{BCF60BAD-96D0-4DAD-A205-69AA66C35B78}"
EndProject
Project("{FAE04EC0-301F-11D3-BF4B-00C04F79EFBC}") = "Znode.Infrastructure.PluginManager", "Libraries\Znode.Infrastructure.PluginManager\Znode.Infrastructure.PluginManager.csproj", "{4A81BF5C-07A9-4B7F-AD55-D0300065D475}"
EndProject
Project("{FAE04EC0-301F-11D3-BF4B-00C04F79EFBC}") = "Znode.Web.WindsorInstallers", "Libraries\Znode.Web.WindsorInstallers\Znode.Web.WindsorInstallers.csproj", "{FDC25975-59B7-4C06-9E48-91ECA9F905C4}"
EndProject
Project("{FAE04EC0-301F-11D3-BF4B-00C04F79EFBC}") = "Znode.Libraries.AmazonOAuthProvider", "Libraries\Znode.Libraries.AmazonOAuthProvider\Znode.Libraries.AmazonOAuthProvider.csproj", "{70B56AAF-1389-4FD0-8CEE-FEA0B86D2DB9}"
EndProject
Project("{FAE04EC0-301F-11D3-BF4B-00C04F79EFBC}") = "Znode.Engine.ABSConnector", "Engines\Znode.Engine.ABSConnector\Znode.Engine.ABSConnector.csproj", "{78B2154A-AA94-4F6A-827B-CC8434E59A63}"
EndProject
Project("{FAE04EC0-301F-11D3-BF4B-00C04F79EFBC}") = "Znode.Libraries.SAML", "Libraries\Znode.Libraries.SAML\Znode.Libraries.SAML.csproj", "{3CE95F73-0040-4062-BDB4-F9E55031E948}"
EndProject
Project("{FAE04EC0-301F-11D3-BF4B-00C04F79EFBC}") = "Znode.Libraries.SAMLWeb", "Libraries\Znode.Libraries.SAMLWeb\Znode.Libraries.SAMLWeb.csproj", "{3AE455A2-1DE4-47A2-A5DB-FC00FD83AC42}"
EndProject
Project("{FAE04EC0-301F-11D3-BF4B-00C04F79EFBC}") = "Znode.WebStore.Custom", "Libraries\Znode.WebStore.Custom\Znode.WebStore.Custom.csproj", "{7CE486D2-7CB6-4D98-834F-5DF726A9DEF2}"
EndProject
Project("{FAE04EC0-301F-11D3-BF4B-00C04F79EFBC}") = "Znode.Libraries.ElasticSearch", "Libraries\ZNode.Libraries.ElasticSearch\Znode.Libraries.ElasticSearch.csproj", "{62A6020A-FE6F-4388-B454-8A656E47AB69}"
EndProject
Project("{FAE04EC0-301F-11D3-BF4B-00C04F79EFBC}") = "Znode.Engine.Api", "Znode.Engine.Api\Znode.Engine.Api.csproj", "{9628F651-70A4-4F36-A6F9-D6D3702D18C5}"
EndProject
Project("{FAE04EC0-301F-11D3-BF4B-00C04F79EFBC}") = "Znode.Appenders.Custom", "Libraries\Znode.Appenders.Custom\Znode.Appenders.Custom.csproj", "{191FDF23-C2A9-46F8-A18C-5CF179AA5A08}"
EndProject
Project("{FAE04EC0-301F-11D3-BF4B-00C04F79EFBC}") = "Znode.Libraries.DevExpress.Report", "Libraries\Znode.Libraries.DevExpress.Report\Znode.Libraries.DevExpress.Report.csproj", "{B9D1C07F-6137-414E-95F2-B58F3F8CE4ED}"
EndProject
Project("{FAE04EC0-301F-11D3-BF4B-00C04F79EFBC}") = "Znode.Engine.Recommendations", "Engines\Znode.Engine.Recommendations\Znode.Engine.Recommendations.csproj", "{BDED1882-CE42-45E3-980D-78B8F7D846FB}"
EndProject
Project("{FAE04EC0-301F-11D3-BF4B-00C04F79EFBC}") = "Znode.Libraries.Cloudflare", "Libraries\Znode.Libraries.Cloudflare\Znode.Libraries.Cloudflare.csproj", "{D6D26089-23AD-42F6-A040-24F5798A26C6}"
EndProject
Project("{FAE04EC0-301F-11D3-BF4B-00C04F79EFBC}") = "Znode.Libraries.Cloudflare.API", "Libraries\Znode.Libraries.Cloudflare.API\Znode.Libraries.Cloudflare.API.csproj", "{2166D204-C4D8-44DC-9E44-62D64DF723D2}"
EndProject
Project("{FAE04EC0-301F-11D3-BF4B-00C04F79EFBC}") = "Znode.Engine.Payment.Client", "Engines\Znode.Engine.Payment.Client\Znode.Engine.Payment.Client.csproj", "{69741715-2BBA-4C6C-9BAD-52464594055D}"
EndProject
Project("{FAE04EC0-301F-11D3-BF4B-00C04F79EFBC}") = "Znode.Api.Caching", "Libraries\Znode.Api.Caching\Znode.Api.Caching.csproj", "{16F04A12-6816-4B76-8959-2DC1ED96AF3C}"
EndProject
Project("{FAE04EC0-301F-11D3-BF4B-00C04F79EFBC}") = "Znode.Cloudflare.Caching", "Libraries\Znode.Cloudflare.Caching\Znode.Cloudflare.Caching.csproj", "{02083363-A064-4420-983C-338E296F0E82}"
EndProject
Project("{FAE04EC0-301F-11D3-BF4B-00C04F79EFBC}") = "Znode.Libraries.Caching", "Libraries\Znode.Libraries.Caching\Znode.Libraries.Caching.csproj", "{C52C3E9B-CABA-46DF-8B29-0CAD9258DA00}"
EndProject
Project("{FAE04EC0-301F-11D3-BF4B-00C04F79EFBC}") = "Znode.Libraries.Caching.Events", "Libraries\Znode.Libraries.Caching.Events\Znode.Libraries.Caching.Events.csproj", "{AD3EE341-D006-4F28-9B47-3D0A40DDA2B6}"
EndProject
Project("{FAE04EC0-301F-11D3-BF4B-00C04F79EFBC}") = "Znode.WebStore.Caching", "Libraries\Znode.WebStore.Caching\Znode.WebStore.Caching.csproj", "{2ED8A576-93AB-45D6-BF6B-98C2700C93D7}"
EndProject
Project("{FAE04EC0-301F-11D3-BF4B-00C04F79EFBC}") = "Znode.Engine.Hangfire", "Engines\Znode.Engine.Hangfire\Znode.Engine.Hangfire.csproj", "{4B2D25BF-CDA3-4DF8-A84A-3C99FF809303}"
EndProject
Project("{FAE04EC0-301F-11D3-BF4B-00C04F79EFBC}") = "Znode.Libraries.Hangfire", "Libraries\Znode.Libraries.Hangfire\Znode.Libraries.Hangfire.csproj", "{3004178B-DEF8-4FAB-B6C6-97EC4C97986D}"
EndProject
Project("{FAE04EC0-301F-11D3-BF4B-00C04F79EFBC}") = "Znode.Engine.SMS", "Engines\Znode.Engine.SMS\Znode.Engine.SMS.csproj", "{E049E3A1-3DA0-4FFE-B868-C35E4A3B4F9D}"
EndProject
Project("{2150E333-8FDC-42A3-9474-1A3956D46DE8}") = "Abstract", "Abstract", "{0B70D475-2DD5-43F2-A76C-355414A055AB}"
EndProject
Project("{2150E333-8FDC-42A3-9474-1A3956D46DE8}") = "Klaviyo", "Klaviyo", "{375670B9-9F4F-4577-9F0F-BEED6DA5BDC0}"
EndProject
Project("{FAE04EC0-301F-11D3-BF4B-00C04F79EFBC}") = "Znode.Engine.Klaviyo.Client", "Klaviyo\Znode.Engine.Klaviyo.Client\Znode.Engine.Klaviyo.Client.csproj", "{632C5973-A002-4CDD-825E-FC500B67EB10}"
EndProject
Project("{FAE04EC0-301F-11D3-BF4B-00C04F79EFBC}") = "Znode.Engine.Klaviyo.Models", "Klaviyo\Znode.Engine.Klaviyo.Models\Znode.Engine.Klaviyo.Models.csproj", "{11CEB081-202F-428E-81ED-F2325EB9FBED}"
EndProject
Project("{FAE04EC0-301F-11D3-BF4B-00C04F79EFBC}") = "Znode.Engine.Klaviyo.Services", "Klaviyo\Znode.Engine.Klaviyo.Services\Znode.Engine.Klaviyo.Services.csproj", "{264006AA-AB4A-4E5F-8892-E64029429341}"
EndProject
Project("{FAE04EC0-301F-11D3-BF4B-00C04F79EFBC}") = "Znode.Klaviyo.Api", "Klaviyo\Znode.Klaviyo.Api\Znode.Klaviyo.Api.csproj", "{F765E6F1-038D-488A-A13D-EAF3210578C1}"
EndProject
Project("{FAE04EC0-301F-11D3-BF4B-00C04F79EFBC}") = "Znode.Libraries.Abstract", "Abstract\Znode.Libraries.Abstract\Znode.Libraries.Abstract.csproj", "{BEC772BD-B109-4CD2-96E9-EDA5CF1452FB}"
EndProject
Project("{FAE04EC0-301F-11D3-BF4B-00C04F79EFBC}") = "Znode.Libraries.Abstract.Helper", "Abstract\Znode.Libraries.Abstract.Helper\Znode.Libraries.Abstract.Helper.csproj", "{22792AF3-6550-4188-A06C-83939383A725}"
EndProject
Project("{FAE04EC0-301F-11D3-BF4B-00C04F79EFBC}") = "Znode.Libraries.Client.Abstract", "Abstract\Znode.Libraries.Client.Abstract\Znode.Libraries.Client.Abstract.csproj", "{68154D84-D7D9-433C-A675-2BB8DE281ECE}"
EndProject
Project("{FAE04EC0-301F-11D3-BF4B-00C04F79EFBC}") = "Znode.Libraries.Model.Abstract", "Abstract\Znode.Libraries.Model.Abstract\Znode.Libraries.Model.Abstract.csproj", "{BC762EE9-41E1-4FEC-8052-CF2BD6F4AA39}"
EndProject
Global
	GlobalSection(SolutionConfigurationPlatforms) = preSolution
		Debug|Any CPU = Debug|Any CPU
		Release|Any CPU = Release|Any CPU
	EndGlobalSection
	GlobalSection(ProjectConfigurationPlatforms) = postSolution
		{9E3D2AA8-8239-4814-BCA6-6AB2B6BD7AF5}.Debug|Any CPU.ActiveCfg = Debug|Any CPU
		{9E3D2AA8-8239-4814-BCA6-6AB2B6BD7AF5}.Debug|Any CPU.Build.0 = Debug|Any CPU
		{9E3D2AA8-8239-4814-BCA6-6AB2B6BD7AF5}.Release|Any CPU.ActiveCfg = Release|Any CPU
		{9E3D2AA8-8239-4814-BCA6-6AB2B6BD7AF5}.Release|Any CPU.Build.0 = Release|Any CPU
		{4FF2A227-F7EB-41EE-ADA9-F46A297E7BE8}.Debug|Any CPU.ActiveCfg = Debug|Any CPU
		{4FF2A227-F7EB-41EE-ADA9-F46A297E7BE8}.Debug|Any CPU.Build.0 = Debug|Any CPU
		{4FF2A227-F7EB-41EE-ADA9-F46A297E7BE8}.Release|Any CPU.ActiveCfg = Release|Any CPU
		{4FF2A227-F7EB-41EE-ADA9-F46A297E7BE8}.Release|Any CPU.Build.0 = Release|Any CPU
		{05A4B1D5-82D1-4E47-AFD9-4B01AC5917BD}.Debug|Any CPU.ActiveCfg = Debug|Any CPU
		{05A4B1D5-82D1-4E47-AFD9-4B01AC5917BD}.Debug|Any CPU.Build.0 = Debug|Any CPU
		{05A4B1D5-82D1-4E47-AFD9-4B01AC5917BD}.Release|Any CPU.ActiveCfg = Release|Any CPU
		{05A4B1D5-82D1-4E47-AFD9-4B01AC5917BD}.Release|Any CPU.Build.0 = Release|Any CPU
		{5DD35FD8-FEEB-46B2-87C5-97F05E80AA6B}.Debug|Any CPU.ActiveCfg = Debug|Any CPU
		{5DD35FD8-FEEB-46B2-87C5-97F05E80AA6B}.Debug|Any CPU.Build.0 = Debug|Any CPU
		{5DD35FD8-FEEB-46B2-87C5-97F05E80AA6B}.Release|Any CPU.ActiveCfg = Release|Any CPU
		{5DD35FD8-FEEB-46B2-87C5-97F05E80AA6B}.Release|Any CPU.Build.0 = Release|Any CPU
		{0B46A894-D427-4372-A4C3-C47CC2C7E036}.Debug|Any CPU.ActiveCfg = Debug|Any CPU
		{0B46A894-D427-4372-A4C3-C47CC2C7E036}.Debug|Any CPU.Build.0 = Debug|Any CPU
		{0B46A894-D427-4372-A4C3-C47CC2C7E036}.Release|Any CPU.ActiveCfg = Release|Any CPU
		{0B46A894-D427-4372-A4C3-C47CC2C7E036}.Release|Any CPU.Build.0 = Release|Any CPU
		{83A5062C-7698-4C4D-AE2F-DF238B3DA6AD}.Debug|Any CPU.ActiveCfg = Debug|Any CPU
		{83A5062C-7698-4C4D-AE2F-DF238B3DA6AD}.Debug|Any CPU.Build.0 = Debug|Any CPU
		{83A5062C-7698-4C4D-AE2F-DF238B3DA6AD}.Release|Any CPU.ActiveCfg = Release|Any CPU
		{83A5062C-7698-4C4D-AE2F-DF238B3DA6AD}.Release|Any CPU.Build.0 = Release|Any CPU
		{D24B86B3-2CA1-431D-AFB5-E59C313283EB}.Debug|Any CPU.ActiveCfg = Debug|Any CPU
		{D24B86B3-2CA1-431D-AFB5-E59C313283EB}.Debug|Any CPU.Build.0 = Debug|Any CPU
		{D24B86B3-2CA1-431D-AFB5-E59C313283EB}.Release|Any CPU.ActiveCfg = Release|Any CPU
		{D24B86B3-2CA1-431D-AFB5-E59C313283EB}.Release|Any CPU.Build.0 = Release|Any CPU
		{C0E80BD4-5D88-4B0B-9F2F-23D51C2F973A}.Debug|Any CPU.ActiveCfg = Debug|Any CPU
		{C0E80BD4-5D88-4B0B-9F2F-23D51C2F973A}.Debug|Any CPU.Build.0 = Debug|Any CPU
		{C0E80BD4-5D88-4B0B-9F2F-23D51C2F973A}.Release|Any CPU.ActiveCfg = Release|Any CPU
		{C0E80BD4-5D88-4B0B-9F2F-23D51C2F973A}.Release|Any CPU.Build.0 = Release|Any CPU
		{FD431F30-0AAA-41D6-AE55-BEF6F2FEA620}.Debug|Any CPU.ActiveCfg = Debug|Any CPU
		{FD431F30-0AAA-41D6-AE55-BEF6F2FEA620}.Debug|Any CPU.Build.0 = Debug|Any CPU
		{FD431F30-0AAA-41D6-AE55-BEF6F2FEA620}.Release|Any CPU.ActiveCfg = Release|Any CPU
		{FD431F30-0AAA-41D6-AE55-BEF6F2FEA620}.Release|Any CPU.Build.0 = Release|Any CPU
		{A001D843-7AC0-456E-BBCA-23737091F804}.Debug|Any CPU.ActiveCfg = Debug|Any CPU
		{A001D843-7AC0-456E-BBCA-23737091F804}.Debug|Any CPU.Build.0 = Debug|Any CPU
		{A001D843-7AC0-456E-BBCA-23737091F804}.Release|Any CPU.ActiveCfg = Release|Any CPU
		{A001D843-7AC0-456E-BBCA-23737091F804}.Release|Any CPU.Build.0 = Release|Any CPU
		{F3703CCE-EEC4-46B0-A54F-83857D4014DF}.Debug|Any CPU.ActiveCfg = Debug|Any CPU
		{F3703CCE-EEC4-46B0-A54F-83857D4014DF}.Debug|Any CPU.Build.0 = Debug|Any CPU
		{F3703CCE-EEC4-46B0-A54F-83857D4014DF}.Release|Any CPU.ActiveCfg = Release|Any CPU
		{F3703CCE-EEC4-46B0-A54F-83857D4014DF}.Release|Any CPU.Build.0 = Release|Any CPU
		{A49FCB1C-BCBF-4BFB-A6AD-4706D8E18BAC}.Debug|Any CPU.ActiveCfg = Debug|Any CPU
		{A49FCB1C-BCBF-4BFB-A6AD-4706D8E18BAC}.Debug|Any CPU.Build.0 = Debug|Any CPU
		{A49FCB1C-BCBF-4BFB-A6AD-4706D8E18BAC}.Release|Any CPU.ActiveCfg = Release|Any CPU
		{A49FCB1C-BCBF-4BFB-A6AD-4706D8E18BAC}.Release|Any CPU.Build.0 = Release|Any CPU
		{90A36C0E-C961-4F6B-BB22-D6D11332C9F1}.Debug|Any CPU.ActiveCfg = Debug|Any CPU
		{90A36C0E-C961-4F6B-BB22-D6D11332C9F1}.Debug|Any CPU.Build.0 = Debug|Any CPU
		{90A36C0E-C961-4F6B-BB22-D6D11332C9F1}.Release|Any CPU.ActiveCfg = Release|Any CPU
		{90A36C0E-C961-4F6B-BB22-D6D11332C9F1}.Release|Any CPU.Build.0 = Release|Any CPU
		{786F7274-2F78-4282-B91C-978CB79FB2F3}.Debug|Any CPU.ActiveCfg = Debug|Any CPU
		{786F7274-2F78-4282-B91C-978CB79FB2F3}.Debug|Any CPU.Build.0 = Debug|Any CPU
		{786F7274-2F78-4282-B91C-978CB79FB2F3}.Release|Any CPU.ActiveCfg = Release|Any CPU
		{786F7274-2F78-4282-B91C-978CB79FB2F3}.Release|Any CPU.Build.0 = Release|Any CPU
		{BEB41B66-5B4F-4072-968A-D8D52BCADFDF}.Debug|Any CPU.ActiveCfg = Debug|Any CPU
		{BEB41B66-5B4F-4072-968A-D8D52BCADFDF}.Debug|Any CPU.Build.0 = Debug|Any CPU
		{BEB41B66-5B4F-4072-968A-D8D52BCADFDF}.Release|Any CPU.ActiveCfg = Release|Any CPU
		{BEB41B66-5B4F-4072-968A-D8D52BCADFDF}.Release|Any CPU.Build.0 = Release|Any CPU
		{0461BA0D-6141-47D7-A78E-C166FF5A75F0}.Debug|Any CPU.ActiveCfg = Debug|Any CPU
		{0461BA0D-6141-47D7-A78E-C166FF5A75F0}.Debug|Any CPU.Build.0 = Debug|Any CPU
		{0461BA0D-6141-47D7-A78E-C166FF5A75F0}.Release|Any CPU.ActiveCfg = Release|Any CPU
		{0461BA0D-6141-47D7-A78E-C166FF5A75F0}.Release|Any CPU.Build.0 = Release|Any CPU
		{7395F84C-8C0E-4B9A-B1FD-72F27AAA1422}.Debug|Any CPU.ActiveCfg = Debug|Any CPU
		{7395F84C-8C0E-4B9A-B1FD-72F27AAA1422}.Debug|Any CPU.Build.0 = Debug|Any CPU
		{7395F84C-8C0E-4B9A-B1FD-72F27AAA1422}.Release|Any CPU.ActiveCfg = Release|Any CPU
		{7395F84C-8C0E-4B9A-B1FD-72F27AAA1422}.Release|Any CPU.Build.0 = Release|Any CPU
		{5B6482F4-7B81-4D7C-A099-78237C8A55B3}.Debug|Any CPU.ActiveCfg = Debug|Any CPU
		{5B6482F4-7B81-4D7C-A099-78237C8A55B3}.Debug|Any CPU.Build.0 = Debug|Any CPU
		{5B6482F4-7B81-4D7C-A099-78237C8A55B3}.Release|Any CPU.ActiveCfg = Release|Any CPU
		{5B6482F4-7B81-4D7C-A099-78237C8A55B3}.Release|Any CPU.Build.0 = Release|Any CPU
		{96BE394D-9D18-42D4-941C-DD9A786A4EA5}.Debug|Any CPU.ActiveCfg = Debug|Any CPU
		{96BE394D-9D18-42D4-941C-DD9A786A4EA5}.Debug|Any CPU.Build.0 = Debug|Any CPU
		{96BE394D-9D18-42D4-941C-DD9A786A4EA5}.Release|Any CPU.ActiveCfg = Release|Any CPU
		{96BE394D-9D18-42D4-941C-DD9A786A4EA5}.Release|Any CPU.Build.0 = Release|Any CPU
		{48991FBC-D7C4-44BE-9C88-669614ECE325}.Debug|Any CPU.ActiveCfg = Debug|Any CPU
		{48991FBC-D7C4-44BE-9C88-669614ECE325}.Debug|Any CPU.Build.0 = Debug|Any CPU
		{48991FBC-D7C4-44BE-9C88-669614ECE325}.Release|Any CPU.ActiveCfg = Release|Any CPU
		{48991FBC-D7C4-44BE-9C88-669614ECE325}.Release|Any CPU.Build.0 = Release|Any CPU
		{147B8507-7467-4F34-BD68-D2324416C264}.Debug|Any CPU.ActiveCfg = Debug
		{147B8507-7467-4F34-BD68-D2324416C264}.Debug|Any CPU.Build.0 = Debug
		{147B8507-7467-4F34-BD68-D2324416C264}.Debug|Any CPU.Deploy.0 = Debug
		{147B8507-7467-4F34-BD68-D2324416C264}.Release|Any CPU.ActiveCfg = Release
		{147B8507-7467-4F34-BD68-D2324416C264}.Release|Any CPU.Build.0 = Release
		{147B8507-7467-4F34-BD68-D2324416C264}.Release|Any CPU.Deploy.0 = Release
		{7CD4C022-8014-4CD8-AF01-C9B840940B49}.Debug|Any CPU.ActiveCfg = Debug|Any CPU
		{7CD4C022-8014-4CD8-AF01-C9B840940B49}.Debug|Any CPU.Build.0 = Debug|Any CPU
		{7CD4C022-8014-4CD8-AF01-C9B840940B49}.Release|Any CPU.ActiveCfg = Release|Any CPU
		{7CD4C022-8014-4CD8-AF01-C9B840940B49}.Release|Any CPU.Build.0 = Release|Any CPU
		{C79892F3-08CD-40A8-8EB1-9B9B81601DCA}.Debug|Any CPU.ActiveCfg = Debug|Any CPU
		{C79892F3-08CD-40A8-8EB1-9B9B81601DCA}.Debug|Any CPU.Build.0 = Debug|Any CPU
		{C79892F3-08CD-40A8-8EB1-9B9B81601DCA}.Release|Any CPU.ActiveCfg = Release|Any CPU
		{C79892F3-08CD-40A8-8EB1-9B9B81601DCA}.Release|Any CPU.Build.0 = Release|Any CPU
		{8A234527-08CD-41CF-99DF-5BE4285C6D9A}.Debug|Any CPU.ActiveCfg = Debug|Any CPU
		{8A234527-08CD-41CF-99DF-5BE4285C6D9A}.Debug|Any CPU.Build.0 = Debug|Any CPU
		{8A234527-08CD-41CF-99DF-5BE4285C6D9A}.Release|Any CPU.ActiveCfg = Release|Any CPU
		{8A234527-08CD-41CF-99DF-5BE4285C6D9A}.Release|Any CPU.Build.0 = Release|Any CPU
		{FF50503A-684E-41D6-B2BF-61C522F12405}.Debug|Any CPU.ActiveCfg = Debug|Any CPU
		{FF50503A-684E-41D6-B2BF-61C522F12405}.Debug|Any CPU.Build.0 = Debug|Any CPU
		{FF50503A-684E-41D6-B2BF-61C522F12405}.Release|Any CPU.ActiveCfg = Release|Any CPU
		{FF50503A-684E-41D6-B2BF-61C522F12405}.Release|Any CPU.Build.0 = Release|Any CPU
		{F7BC5FF1-65AC-4B71-BECE-04058E5ACB70}.Debug|Any CPU.ActiveCfg = Debug|Any CPU
		{F7BC5FF1-65AC-4B71-BECE-04058E5ACB70}.Debug|Any CPU.Build.0 = Debug|Any CPU
		{F7BC5FF1-65AC-4B71-BECE-04058E5ACB70}.Release|Any CPU.ActiveCfg = Release|Any CPU
		{F7BC5FF1-65AC-4B71-BECE-04058E5ACB70}.Release|Any CPU.Build.0 = Release|Any CPU
		{41E65A88-6F92-464D-80F3-D2EFB30D5A69}.Debug|Any CPU.ActiveCfg = Debug|Any CPU
		{41E65A88-6F92-464D-80F3-D2EFB30D5A69}.Debug|Any CPU.Build.0 = Debug|Any CPU
		{41E65A88-6F92-464D-80F3-D2EFB30D5A69}.Release|Any CPU.ActiveCfg = Release|Any CPU
		{41E65A88-6F92-464D-80F3-D2EFB30D5A69}.Release|Any CPU.Build.0 = Release|Any CPU
		{BCF60BAD-96D0-4DAD-A205-69AA66C35B78}.Debug|Any CPU.ActiveCfg = Debug|Any CPU
		{BCF60BAD-96D0-4DAD-A205-69AA66C35B78}.Debug|Any CPU.Build.0 = Debug|Any CPU
		{BCF60BAD-96D0-4DAD-A205-69AA66C35B78}.Release|Any CPU.ActiveCfg = Release|Any CPU
		{BCF60BAD-96D0-4DAD-A205-69AA66C35B78}.Release|Any CPU.Build.0 = Release|Any CPU
		{4A81BF5C-07A9-4B7F-AD55-D0300065D475}.Debug|Any CPU.ActiveCfg = Debug|Any CPU
		{4A81BF5C-07A9-4B7F-AD55-D0300065D475}.Debug|Any CPU.Build.0 = Debug|Any CPU
		{4A81BF5C-07A9-4B7F-AD55-D0300065D475}.Release|Any CPU.ActiveCfg = Release|Any CPU
		{4A81BF5C-07A9-4B7F-AD55-D0300065D475}.Release|Any CPU.Build.0 = Release|Any CPU
		{FDC25975-59B7-4C06-9E48-91ECA9F905C4}.Debug|Any CPU.ActiveCfg = Debug|Any CPU
		{FDC25975-59B7-4C06-9E48-91ECA9F905C4}.Debug|Any CPU.Build.0 = Debug|Any CPU
		{FDC25975-59B7-4C06-9E48-91ECA9F905C4}.Release|Any CPU.ActiveCfg = Release|Any CPU
		{FDC25975-59B7-4C06-9E48-91ECA9F905C4}.Release|Any CPU.Build.0 = Release|Any CPU
		{70B56AAF-1389-4FD0-8CEE-FEA0B86D2DB9}.Debug|Any CPU.ActiveCfg = Debug|Any CPU
		{70B56AAF-1389-4FD0-8CEE-FEA0B86D2DB9}.Debug|Any CPU.Build.0 = Debug|Any CPU
		{70B56AAF-1389-4FD0-8CEE-FEA0B86D2DB9}.Release|Any CPU.ActiveCfg = Release|Any CPU
		{70B56AAF-1389-4FD0-8CEE-FEA0B86D2DB9}.Release|Any CPU.Build.0 = Release|Any CPU
		{78B2154A-AA94-4F6A-827B-CC8434E59A63}.Debug|Any CPU.ActiveCfg = Debug|Any CPU
		{78B2154A-AA94-4F6A-827B-CC8434E59A63}.Debug|Any CPU.Build.0 = Debug|Any CPU
		{78B2154A-AA94-4F6A-827B-CC8434E59A63}.Release|Any CPU.ActiveCfg = Release|Any CPU
		{78B2154A-AA94-4F6A-827B-CC8434E59A63}.Release|Any CPU.Build.0 = Release|Any CPU
		{3CE95F73-0040-4062-BDB4-F9E55031E948}.Debug|Any CPU.ActiveCfg = Debug|Any CPU
		{3CE95F73-0040-4062-BDB4-F9E55031E948}.Debug|Any CPU.Build.0 = Debug|Any CPU
		{3CE95F73-0040-4062-BDB4-F9E55031E948}.Release|Any CPU.ActiveCfg = Release|Any CPU
		{3CE95F73-0040-4062-BDB4-F9E55031E948}.Release|Any CPU.Build.0 = Release|Any CPU
		{3AE455A2-1DE4-47A2-A5DB-FC00FD83AC42}.Debug|Any CPU.ActiveCfg = Debug|Any CPU
		{3AE455A2-1DE4-47A2-A5DB-FC00FD83AC42}.Debug|Any CPU.Build.0 = Debug|Any CPU
		{3AE455A2-1DE4-47A2-A5DB-FC00FD83AC42}.Release|Any CPU.ActiveCfg = Release|Any CPU
		{3AE455A2-1DE4-47A2-A5DB-FC00FD83AC42}.Release|Any CPU.Build.0 = Release|Any CPU
		{7CE486D2-7CB6-4D98-834F-5DF726A9DEF2}.Debug|Any CPU.ActiveCfg = Debug|Any CPU
		{7CE486D2-7CB6-4D98-834F-5DF726A9DEF2}.Debug|Any CPU.Build.0 = Debug|Any CPU
		{7CE486D2-7CB6-4D98-834F-5DF726A9DEF2}.Release|Any CPU.ActiveCfg = Release|Any CPU
		{7CE486D2-7CB6-4D98-834F-5DF726A9DEF2}.Release|Any CPU.Build.0 = Release|Any CPU
		{62A6020A-FE6F-4388-B454-8A656E47AB69}.Debug|Any CPU.ActiveCfg = Debug|Any CPU
		{62A6020A-FE6F-4388-B454-8A656E47AB69}.Debug|Any CPU.Build.0 = Debug|Any CPU
		{62A6020A-FE6F-4388-B454-8A656E47AB69}.Release|Any CPU.ActiveCfg = Release|Any CPU
		{62A6020A-FE6F-4388-B454-8A656E47AB69}.Release|Any CPU.Build.0 = Release|Any CPU
		{9628F651-70A4-4F36-A6F9-D6D3702D18C5}.Debug|Any CPU.ActiveCfg = Debug|Any CPU
		{9628F651-70A4-4F36-A6F9-D6D3702D18C5}.Debug|Any CPU.Build.0 = Debug|Any CPU
		{9628F651-70A4-4F36-A6F9-D6D3702D18C5}.Release|Any CPU.ActiveCfg = Release|Any CPU
		{9628F651-70A4-4F36-A6F9-D6D3702D18C5}.Release|Any CPU.Build.0 = Release|Any CPU
		{191FDF23-C2A9-46F8-A18C-5CF179AA5A08}.Debug|Any CPU.ActiveCfg = Debug|Any CPU
		{191FDF23-C2A9-46F8-A18C-5CF179AA5A08}.Debug|Any CPU.Build.0 = Debug|Any CPU
		{191FDF23-C2A9-46F8-A18C-5CF179AA5A08}.Release|Any CPU.ActiveCfg = Release|Any CPU
		{191FDF23-C2A9-46F8-A18C-5CF179AA5A08}.Release|Any CPU.Build.0 = Release|Any CPU
		{B9D1C07F-6137-414E-95F2-B58F3F8CE4ED}.Debug|Any CPU.ActiveCfg = Debug|Any CPU
		{B9D1C07F-6137-414E-95F2-B58F3F8CE4ED}.Debug|Any CPU.Build.0 = Debug|Any CPU
		{B9D1C07F-6137-414E-95F2-B58F3F8CE4ED}.Release|Any CPU.ActiveCfg = Release|Any CPU
		{B9D1C07F-6137-414E-95F2-B58F3F8CE4ED}.Release|Any CPU.Build.0 = Release|Any CPU
		{BDED1882-CE42-45E3-980D-78B8F7D846FB}.Debug|Any CPU.ActiveCfg = Debug|Any CPU
		{BDED1882-CE42-45E3-980D-78B8F7D846FB}.Debug|Any CPU.Build.0 = Debug|Any CPU
		{BDED1882-CE42-45E3-980D-78B8F7D846FB}.Release|Any CPU.ActiveCfg = Release|Any CPU
		{BDED1882-CE42-45E3-980D-78B8F7D846FB}.Release|Any CPU.Build.0 = Release|Any CPU
		{D6D26089-23AD-42F6-A040-24F5798A26C6}.Debug|Any CPU.ActiveCfg = Debug|Any CPU
		{D6D26089-23AD-42F6-A040-24F5798A26C6}.Debug|Any CPU.Build.0 = Debug|Any CPU
		{D6D26089-23AD-42F6-A040-24F5798A26C6}.Release|Any CPU.ActiveCfg = Release|Any CPU
		{D6D26089-23AD-42F6-A040-24F5798A26C6}.Release|Any CPU.Build.0 = Release|Any CPU
		{2166D204-C4D8-44DC-9E44-62D64DF723D2}.Debug|Any CPU.ActiveCfg = Debug|Any CPU
		{2166D204-C4D8-44DC-9E44-62D64DF723D2}.Debug|Any CPU.Build.0 = Debug|Any CPU
		{2166D204-C4D8-44DC-9E44-62D64DF723D2}.Release|Any CPU.ActiveCfg = Release|Any CPU
		{2166D204-C4D8-44DC-9E44-62D64DF723D2}.Release|Any CPU.Build.0 = Release|Any CPU
		{69741715-2BBA-4C6C-9BAD-52464594055D}.Debug|Any CPU.ActiveCfg = Debug|Any CPU
		{69741715-2BBA-4C6C-9BAD-52464594055D}.Debug|Any CPU.Build.0 = Debug|Any CPU
		{69741715-2BBA-4C6C-9BAD-52464594055D}.Release|Any CPU.ActiveCfg = Release|Any CPU
		{69741715-2BBA-4C6C-9BAD-52464594055D}.Release|Any CPU.Build.0 = Release|Any CPU
		{16F04A12-6816-4B76-8959-2DC1ED96AF3C}.Debug|Any CPU.ActiveCfg = Debug|Any CPU
		{16F04A12-6816-4B76-8959-2DC1ED96AF3C}.Debug|Any CPU.Build.0 = Debug|Any CPU
		{16F04A12-6816-4B76-8959-2DC1ED96AF3C}.Release|Any CPU.ActiveCfg = Release|Any CPU
		{16F04A12-6816-4B76-8959-2DC1ED96AF3C}.Release|Any CPU.Build.0 = Release|Any CPU
		{02083363-A064-4420-983C-338E296F0E82}.Debug|Any CPU.ActiveCfg = Debug|Any CPU
		{02083363-A064-4420-983C-338E296F0E82}.Debug|Any CPU.Build.0 = Debug|Any CPU
		{02083363-A064-4420-983C-338E296F0E82}.Release|Any CPU.ActiveCfg = Release|Any CPU
		{02083363-A064-4420-983C-338E296F0E82}.Release|Any CPU.Build.0 = Release|Any CPU
		{C52C3E9B-CABA-46DF-8B29-0CAD9258DA00}.Debug|Any CPU.ActiveCfg = Debug|Any CPU
		{C52C3E9B-CABA-46DF-8B29-0CAD9258DA00}.Debug|Any CPU.Build.0 = Debug|Any CPU
		{C52C3E9B-CABA-46DF-8B29-0CAD9258DA00}.Release|Any CPU.ActiveCfg = Release|Any CPU
		{C52C3E9B-CABA-46DF-8B29-0CAD9258DA00}.Release|Any CPU.Build.0 = Release|Any CPU
		{AD3EE341-D006-4F28-9B47-3D0A40DDA2B6}.Debug|Any CPU.ActiveCfg = Debug|Any CPU
		{AD3EE341-D006-4F28-9B47-3D0A40DDA2B6}.Debug|Any CPU.Build.0 = Debug|Any CPU
		{AD3EE341-D006-4F28-9B47-3D0A40DDA2B6}.Release|Any CPU.ActiveCfg = Release|Any CPU
		{AD3EE341-D006-4F28-9B47-3D0A40DDA2B6}.Release|Any CPU.Build.0 = Release|Any CPU
		{2ED8A576-93AB-45D6-BF6B-98C2700C93D7}.Debug|Any CPU.ActiveCfg = Debug|Any CPU
		{2ED8A576-93AB-45D6-BF6B-98C2700C93D7}.Debug|Any CPU.Build.0 = Debug|Any CPU
		{2ED8A576-93AB-45D6-BF6B-98C2700C93D7}.Release|Any CPU.ActiveCfg = Release|Any CPU
		{2ED8A576-93AB-45D6-BF6B-98C2700C93D7}.Release|Any CPU.Build.0 = Release|Any CPU
		{4B2D25BF-CDA3-4DF8-A84A-3C99FF809303}.Debug|Any CPU.ActiveCfg = Debug|Any CPU
		{4B2D25BF-CDA3-4DF8-A84A-3C99FF809303}.Debug|Any CPU.Build.0 = Debug|Any CPU
		{4B2D25BF-CDA3-4DF8-A84A-3C99FF809303}.Release|Any CPU.ActiveCfg = Release|Any CPU
		{4B2D25BF-CDA3-4DF8-A84A-3C99FF809303}.Release|Any CPU.Build.0 = Release|Any CPU
		{3004178B-DEF8-4FAB-B6C6-97EC4C97986D}.Debug|Any CPU.ActiveCfg = Debug|Any CPU
		{3004178B-DEF8-4FAB-B6C6-97EC4C97986D}.Debug|Any CPU.Build.0 = Debug|Any CPU
		{3004178B-DEF8-4FAB-B6C6-97EC4C97986D}.Release|Any CPU.ActiveCfg = Release|Any CPU
		{3004178B-DEF8-4FAB-B6C6-97EC4C97986D}.Release|Any CPU.Build.0 = Release|Any CPU
		{E049E3A1-3DA0-4FFE-B868-C35E4A3B4F9D}.Debug|Any CPU.ActiveCfg = Debug|Any CPU
		{E049E3A1-3DA0-4FFE-B868-C35E4A3B4F9D}.Debug|Any CPU.Build.0 = Debug|Any CPU
		{E049E3A1-3DA0-4FFE-B868-C35E4A3B4F9D}.Release|Any CPU.ActiveCfg = Release|Any CPU
		{E049E3A1-3DA0-4FFE-B868-C35E4A3B4F9D}.Release|Any CPU.Build.0 = Release|Any CPU
		{632C5973-A002-4CDD-825E-FC500B67EB10}.Debug|Any CPU.ActiveCfg = Debug|Any CPU
		{632C5973-A002-4CDD-825E-FC500B67EB10}.Debug|Any CPU.Build.0 = Debug|Any CPU
		{632C5973-A002-4CDD-825E-FC500B67EB10}.Release|Any CPU.ActiveCfg = Release|Any CPU
		{632C5973-A002-4CDD-825E-FC500B67EB10}.Release|Any CPU.Build.0 = Release|Any CPU
		{11CEB081-202F-428E-81ED-F2325EB9FBED}.Debug|Any CPU.ActiveCfg = Debug|Any CPU
		{11CEB081-202F-428E-81ED-F2325EB9FBED}.Debug|Any CPU.Build.0 = Debug|Any CPU
		{11CEB081-202F-428E-81ED-F2325EB9FBED}.Release|Any CPU.ActiveCfg = Release|Any CPU
		{11CEB081-202F-428E-81ED-F2325EB9FBED}.Release|Any CPU.Build.0 = Release|Any CPU
		{264006AA-AB4A-4E5F-8892-E64029429341}.Debug|Any CPU.ActiveCfg = Debug|Any CPU
		{264006AA-AB4A-4E5F-8892-E64029429341}.Debug|Any CPU.Build.0 = Debug|Any CPU
		{264006AA-AB4A-4E5F-8892-E64029429341}.Release|Any CPU.ActiveCfg = Release|Any CPU
		{264006AA-AB4A-4E5F-8892-E64029429341}.Release|Any CPU.Build.0 = Release|Any CPU
		{F765E6F1-038D-488A-A13D-EAF3210578C1}.Debug|Any CPU.ActiveCfg = Debug|Any CPU
		{F765E6F1-038D-488A-A13D-EAF3210578C1}.Debug|Any CPU.Build.0 = Debug|Any CPU
		{F765E6F1-038D-488A-A13D-EAF3210578C1}.Release|Any CPU.ActiveCfg = Release|Any CPU
		{F765E6F1-038D-488A-A13D-EAF3210578C1}.Release|Any CPU.Build.0 = Release|Any CPU
		{BEC772BD-B109-4CD2-96E9-EDA5CF1452FB}.Debug|Any CPU.ActiveCfg = Debug|Any CPU
		{BEC772BD-B109-4CD2-96E9-EDA5CF1452FB}.Debug|Any CPU.Build.0 = Debug|Any CPU
		{BEC772BD-B109-4CD2-96E9-EDA5CF1452FB}.Release|Any CPU.ActiveCfg = Release|Any CPU
		{BEC772BD-B109-4CD2-96E9-EDA5CF1452FB}.Release|Any CPU.Build.0 = Release|Any CPU
		{22792AF3-6550-4188-A06C-83939383A725}.Debug|Any CPU.ActiveCfg = Debug|Any CPU
		{22792AF3-6550-4188-A06C-83939383A725}.Debug|Any CPU.Build.0 = Debug|Any CPU
		{22792AF3-6550-4188-A06C-83939383A725}.Release|Any CPU.ActiveCfg = Release|Any CPU
		{22792AF3-6550-4188-A06C-83939383A725}.Release|Any CPU.Build.0 = Release|Any CPU
		{68154D84-D7D9-433C-A675-2BB8DE281ECE}.Debug|Any CPU.ActiveCfg = Debug|Any CPU
		{68154D84-D7D9-433C-A675-2BB8DE281ECE}.Debug|Any CPU.Build.0 = Debug|Any CPU
		{68154D84-D7D9-433C-A675-2BB8DE281ECE}.Release|Any CPU.ActiveCfg = Release|Any CPU
		{68154D84-D7D9-433C-A675-2BB8DE281ECE}.Release|Any CPU.Build.0 = Release|Any CPU
		{BC762EE9-41E1-4FEC-8052-CF2BD6F4AA39}.Debug|Any CPU.ActiveCfg = Debug|Any CPU
		{BC762EE9-41E1-4FEC-8052-CF2BD6F4AA39}.Debug|Any CPU.Build.0 = Debug|Any CPU
		{BC762EE9-41E1-4FEC-8052-CF2BD6F4AA39}.Release|Any CPU.ActiveCfg = Release|Any CPU
		{BC762EE9-41E1-4FEC-8052-CF2BD6F4AA39}.Release|Any CPU.Build.0 = Release|Any CPU
	EndGlobalSection
	GlobalSection(SolutionProperties) = preSolution
		HideSolutionNode = FALSE
	EndGlobalSection
	GlobalSection(NestedProjects) = preSolution
		{4FF2A227-F7EB-41EE-ADA9-F46A297E7BE8} = {8BFABAF4-1C87-41BA-9762-A6D78DF3B673}
		{05A4B1D5-82D1-4E47-AFD9-4B01AC5917BD} = {8BFABAF4-1C87-41BA-9762-A6D78DF3B673}
		{5DD35FD8-FEEB-46B2-87C5-97F05E80AA6B} = {8BFABAF4-1C87-41BA-9762-A6D78DF3B673}
		{0B46A894-D427-4372-A4C3-C47CC2C7E036} = {8BFABAF4-1C87-41BA-9762-A6D78DF3B673}
		{83A5062C-7698-4C4D-AE2F-DF238B3DA6AD} = {8BFABAF4-1C87-41BA-9762-A6D78DF3B673}
		{D24B86B3-2CA1-431D-AFB5-E59C313283EB} = {53A54E09-AC8A-425D-AC15-1486914147E5}
		{C0E80BD4-5D88-4B0B-9F2F-23D51C2F973A} = {53A54E09-AC8A-425D-AC15-1486914147E5}
		{FD431F30-0AAA-41D6-AE55-BEF6F2FEA620} = {53A54E09-AC8A-425D-AC15-1486914147E5}
		{A001D843-7AC0-456E-BBCA-23737091F804} = {53A54E09-AC8A-425D-AC15-1486914147E5}
		{F3703CCE-EEC4-46B0-A54F-83857D4014DF} = {53A54E09-AC8A-425D-AC15-1486914147E5}
		{A49FCB1C-BCBF-4BFB-A6AD-4706D8E18BAC} = {53A54E09-AC8A-425D-AC15-1486914147E5}
		{90A36C0E-C961-4F6B-BB22-D6D11332C9F1} = {8BFABAF4-1C87-41BA-9762-A6D78DF3B673}
		{786F7274-2F78-4282-B91C-978CB79FB2F3} = {53A54E09-AC8A-425D-AC15-1486914147E5}
		{BEB41B66-5B4F-4072-968A-D8D52BCADFDF} = {8BFABAF4-1C87-41BA-9762-A6D78DF3B673}
		{0461BA0D-6141-47D7-A78E-C166FF5A75F0} = {53A54E09-AC8A-425D-AC15-1486914147E5}
		{7395F84C-8C0E-4B9A-B1FD-72F27AAA1422} = {53A54E09-AC8A-425D-AC15-1486914147E5}
		{5B6482F4-7B81-4D7C-A099-78237C8A55B3} = {53A54E09-AC8A-425D-AC15-1486914147E5}
		{48991FBC-D7C4-44BE-9C88-669614ECE325} = {8BFABAF4-1C87-41BA-9762-A6D78DF3B673}
		{147B8507-7467-4F34-BD68-D2324416C264} = {53A54E09-AC8A-425D-AC15-1486914147E5}
		{7CD4C022-8014-4CD8-AF01-C9B840940B49} = {53A54E09-AC8A-425D-AC15-1486914147E5}
		{C79892F3-08CD-40A8-8EB1-9B9B81601DCA} = {53A54E09-AC8A-425D-AC15-1486914147E5}
		{8A234527-08CD-41CF-99DF-5BE4285C6D9A} = {53A54E09-AC8A-425D-AC15-1486914147E5}
		{FF50503A-684E-41D6-B2BF-61C522F12405} = {53A54E09-AC8A-425D-AC15-1486914147E5}
		{F7BC5FF1-65AC-4B71-BECE-04058E5ACB70} = {8BFABAF4-1C87-41BA-9762-A6D78DF3B673}
		{BCF60BAD-96D0-4DAD-A205-69AA66C35B78} = {53A54E09-AC8A-425D-AC15-1486914147E5}
		{4A81BF5C-07A9-4B7F-AD55-D0300065D475} = {53A54E09-AC8A-425D-AC15-1486914147E5}
		{FDC25975-59B7-4C06-9E48-91ECA9F905C4} = {53A54E09-AC8A-425D-AC15-1486914147E5}
		{70B56AAF-1389-4FD0-8CEE-FEA0B86D2DB9} = {53A54E09-AC8A-425D-AC15-1486914147E5}
		{78B2154A-AA94-4F6A-827B-CC8434E59A63} = {8BFABAF4-1C87-41BA-9762-A6D78DF3B673}
		{3CE95F73-0040-4062-BDB4-F9E55031E948} = {53A54E09-AC8A-425D-AC15-1486914147E5}
		{3AE455A2-1DE4-47A2-A5DB-FC00FD83AC42} = {53A54E09-AC8A-425D-AC15-1486914147E5}
		{7CE486D2-7CB6-4D98-834F-5DF726A9DEF2} = {53A54E09-AC8A-425D-AC15-1486914147E5}
		{62A6020A-FE6F-4388-B454-8A656E47AB69} = {53A54E09-AC8A-425D-AC15-1486914147E5}
		{191FDF23-C2A9-46F8-A18C-5CF179AA5A08} = {53A54E09-AC8A-425D-AC15-1486914147E5}
		{B9D1C07F-6137-414E-95F2-B58F3F8CE4ED} = {53A54E09-AC8A-425D-AC15-1486914147E5}
		{BDED1882-CE42-45E3-980D-78B8F7D846FB} = {8BFABAF4-1C87-41BA-9762-A6D78DF3B673}
		{D6D26089-23AD-42F6-A040-24F5798A26C6} = {53A54E09-AC8A-425D-AC15-1486914147E5}
		{2166D204-C4D8-44DC-9E44-62D64DF723D2} = {53A54E09-AC8A-425D-AC15-1486914147E5}
		{69741715-2BBA-4C6C-9BAD-52464594055D} = {8BFABAF4-1C87-41BA-9762-A6D78DF3B673}
		{16F04A12-6816-4B76-8959-2DC1ED96AF3C} = {53A54E09-AC8A-425D-AC15-1486914147E5}
		{02083363-A064-4420-983C-338E296F0E82} = {53A54E09-AC8A-425D-AC15-1486914147E5}
		{C52C3E9B-CABA-46DF-8B29-0CAD9258DA00} = {53A54E09-AC8A-425D-AC15-1486914147E5}
		{AD3EE341-D006-4F28-9B47-3D0A40DDA2B6} = {53A54E09-AC8A-425D-AC15-1486914147E5}
		{2ED8A576-93AB-45D6-BF6B-98C2700C93D7} = {53A54E09-AC8A-425D-AC15-1486914147E5}
		{4B2D25BF-CDA3-4DF8-A84A-3C99FF809303} = {8BFABAF4-1C87-41BA-9762-A6D78DF3B673}
		{3004178B-DEF8-4FAB-B6C6-97EC4C97986D} = {53A54E09-AC8A-425D-AC15-1486914147E5}
		{E049E3A1-3DA0-4FFE-B868-C35E4A3B4F9D} = {8BFABAF4-1C87-41BA-9762-A6D78DF3B673}
		{632C5973-A002-4CDD-825E-FC500B67EB10} = {375670B9-9F4F-4577-9F0F-BEED6DA5BDC0}
		{11CEB081-202F-428E-81ED-F2325EB9FBED} = {375670B9-9F4F-4577-9F0F-BEED6DA5BDC0}
		{264006AA-AB4A-4E5F-8892-E64029429341} = {375670B9-9F4F-4577-9F0F-BEED6DA5BDC0}
		{F765E6F1-038D-488A-A13D-EAF3210578C1} = {375670B9-9F4F-4577-9F0F-BEED6DA5BDC0}
		{BEC772BD-B109-4CD2-96E9-EDA5CF1452FB} = {0B70D475-2DD5-43F2-A76C-355414A055AB}
		{22792AF3-6550-4188-A06C-83939383A725} = {0B70D475-2DD5-43F2-A76C-355414A055AB}
		{68154D84-D7D9-433C-A675-2BB8DE281ECE} = {0B70D475-2DD5-43F2-A76C-355414A055AB}
		{BC762EE9-41E1-4FEC-8052-CF2BD6F4AA39} = {0B70D475-2DD5-43F2-A76C-355414A055AB}
	EndGlobalSection
	GlobalSection(ExtensibilityGlobals) = postSolution
		SolutionGuid = {C7A5AA16-832E-4152-A936-1890D71C27FC}
	EndGlobalSection
EndGlobal
