
Microsoft Visual Studio Solution File, Format Version 12.00
# Visual Studio Express 2013 for Web
VisualStudioVersion = 12.0.31101.0
MinimumVisualStudioVersion = 10.0.40219.1
Project("{00D1A9C2-B5F0-4AF3-8072-F6C62B433612}") = "Znode_Multifront_Payment_90_Dev", "Znode_Multifront_Payment_90_Dev\Znode_Multifront_Payment_90_Dev.sqlproj", "{FA6564E7-11E1-48F7-9817-29E9EC2AADDC}"
EndProject
Global
	GlobalSection(TeamFoundationVersionControl) = preSolution
		SccNumberOfProjects = 2
		SccEnterpriseProvider = {4CA58AB2-18FA-4F8D-95D4-32DDF27D184C}
		SccTeamFoundationServer = http://mssvr020:8080/tfs/znode
		SccLocalPath0 = .
		SccProjectUniqueName1 = Znode_Multifront_Payment_90_Dev\\Znode_Multifront_Payment_90_Dev.sqlproj
		SccProjectName1 = Znode_Multifront_Payment_90_Dev
		SccLocalPath1 = Znode_Multifront_Payment_90_Dev
	EndGlobalSection
	GlobalSection(SolutionConfigurationPlatforms) = preSolution
		Debug|Any CPU = Debug|Any CPU
		Release|Any CPU = Release|Any CPU
	EndGlobalSection
	GlobalSection(ProjectConfigurationPlatforms) = postSolution
		{FA6564E7-11E1-48F7-9817-29E9EC2AADDC}.Debug|Any CPU.ActiveCfg = Debug|Any CPU
		{FA6564E7-11E1-48F7-9817-29E9EC2AADDC}.Debug|Any CPU.Build.0 = Debug|Any CPU
		{FA6564E7-11E1-48F7-9817-29E9EC2AADDC}.Debug|Any CPU.Deploy.0 = Debug|Any CPU
		{FA6564E7-11E1-48F7-9817-29E9EC2AADDC}.Release|Any CPU.ActiveCfg = Release|Any CPU
		{FA6564E7-11E1-48F7-9817-29E9EC2AADDC}.Release|Any CPU.Build.0 = Release|Any CPU
		{FA6564E7-11E1-48F7-9817-29E9EC2AADDC}.Release|Any CPU.Deploy.0 = Release|Any CPU
	EndGlobalSection
	GlobalSection(SolutionProperties) = preSolution
		HideSolutionNode = FALSE
	EndGlobalSection
EndGlobal
